<?xml version="1.0" encoding="UTF-8"?>
<CodeBlocks_project_file>
	<FileVersion major="1" minor="6"/>
	<Project>
		<Option title="barista2"/>
		<Option makefile_is_custom="1"/>
		<Option compiler="gcc"/>
		<Option virtualFolders="CMake Files\;"/>
		<Build>
			<Target title="all">
				<Option working_dir="/Users/yjbanov/code/barista2"/>
				<Option type="4"/>
				<MakeCommands>
					<Build command="/usr/bin/make -j8 -f &quot;/Users/yjbanov/code/barista2/Makefile&quot;  VERBOSE=1 all"/>
					<CompileFile command="/usr/bin/make -j8 -f &quot;/Users/yjbanov/code/barista2/Makefile&quot;  VERBOSE=1 &quot;$file&quot;"/>
					<Clean command="/usr/bin/make -j8 -f &quot;/Users/yjbanov/code/barista2/Makefile&quot;  VERBOSE=1 clean"/>
					<DistClean command="/usr/bin/make -j8 -f &quot;/Users/yjbanov/code/barista2/Makefile&quot;  VERBOSE=1 clean"/>
				</MakeCommands>
			</Target>
			<Target title="rebuild_cache">
				<Option working_dir="/Users/yjbanov/code/barista2"/>
				<Option type="4"/>
				<MakeCommands>
					<Build command="/usr/bin/make -j8 -f &quot;/Users/yjbanov/code/barista2/Makefile&quot;  VERBOSE=1 rebuild_cache"/>
					<CompileFile command="/usr/bin/make -j8 -f &quot;/Users/yjbanov/code/barista2/Makefile&quot;  VERBOSE=1 &quot;$file&quot;"/>
					<Clean command="/usr/bin/make -j8 -f &quot;/Users/yjbanov/code/barista2/Makefile&quot;  VERBOSE=1 clean"/>
					<DistClean command="/usr/bin/make -j8 -f &quot;/Users/yjbanov/code/barista2/Makefile&quot;  VERBOSE=1 clean"/>
				</MakeCommands>
			</Target>
			<Target title="edit_cache">
				<Option working_dir="/Users/yjbanov/code/barista2"/>
				<Option type="4"/>
				<MakeCommands>
					<Build command="/usr/bin/make -j8 -f &quot;/Users/yjbanov/code/barista2/Makefile&quot;  VERBOSE=1 edit_cache"/>
					<CompileFile command="/usr/bin/make -j8 -f &quot;/Users/yjbanov/code/barista2/Makefile&quot;  VERBOSE=1 &quot;$file&quot;"/>
					<Clean command="/usr/bin/make -j8 -f &quot;/Users/yjbanov/code/barista2/Makefile&quot;  VERBOSE=1 clean"/>
					<DistClean command="/usr/bin/make -j8 -f &quot;/Users/yjbanov/code/barista2/Makefile&quot;  VERBOSE=1 clean"/>
				</MakeCommands>
			</Target>
			<Target title="todo">
				<Option output="/Users/yjbanov/code/barista2/todo" prefix_auto="0" extension_auto="0"/>
				<Option working_dir="/Users/yjbanov/code/barista2"/>
				<Option object_output="./"/>
				<Option type="1"/>
				<Option compiler="gcc"/>
				<Compiler>
					<Add directory="/Users/yjbanov/code/emscripten/emscripten/1.35.0/system/include"/>
					<Add directory="/Applications/Xcode.app/Contents/Developer/Toolchains/XcodeDefault.xctoolchain/usr/bin/../include/c++/v1"/>
					<Add directory="/Applications/Xcode.app/Contents/Developer/Toolchains/XcodeDefault.xctoolchain/usr/bin/../lib/clang/8.0.0/include"/>
					<Add directory="/Applications/Xcode.app/Contents/Developer/Toolchains/XcodeDefault.xctoolchain/usr/include"/>
					<Add directory="/System/Library/Frameworks"/>
					<Add directory="/Library/Frameworks"/>
				</Compiler>
				<MakeCommands>
					<Build command="/usr/bin/make -j8 -f &quot;/Users/yjbanov/code/barista2/Makefile&quot;  VERBOSE=1 todo"/>
					<CompileFile command="/usr/bin/make -j8 -f &quot;/Users/yjbanov/code/barista2/Makefile&quot;  VERBOSE=1 &quot;$file&quot;"/>
					<Clean command="/usr/bin/make -j8 -f &quot;/Users/yjbanov/code/barista2/Makefile&quot;  VERBOSE=1 clean"/>
					<DistClean command="/usr/bin/make -j8 -f &quot;/Users/yjbanov/code/barista2/Makefile&quot;  VERBOSE=1 clean"/>
				</MakeCommands>
			</Target>
			<Target title="todo/fast">
				<Option output="/Users/yjbanov/code/barista2/todo" prefix_auto="0" extension_auto="0"/>
				<Option working_dir="/Users/yjbanov/code/barista2"/>
				<Option object_output="./"/>
				<Option type="1"/>
				<Option compiler="gcc"/>
				<Compiler>
					<Add directory="/Users/yjbanov/code/emscripten/emscripten/1.35.0/system/include"/>
					<Add directory="/Applications/Xcode.app/Contents/Developer/Toolchains/XcodeDefault.xctoolchain/usr/bin/../include/c++/v1"/>
					<Add directory="/Applications/Xcode.app/Contents/Developer/Toolchains/XcodeDefault.xctoolchain/usr/bin/../lib/clang/8.0.0/include"/>
					<Add directory="/Applications/Xcode.app/Contents/Developer/Toolchains/XcodeDefault.xctoolchain/usr/include"/>
					<Add directory="/System/Library/Frameworks"/>
					<Add directory="/Library/Frameworks"/>
				</Compiler>
				<MakeCommands>
					<Build command="/usr/bin/make -j8 -f &quot;/Users/yjbanov/code/barista2/Makefile&quot;  VERBOSE=1 todo/fast"/>
					<CompileFile command="/usr/bin/make -j8 -f &quot;/Users/yjbanov/code/barista2/Makefile&quot;  VERBOSE=1 &quot;$file&quot;"/>
					<Clean command="/usr/bin/make -j8 -f &quot;/Users/yjbanov/code/barista2/Makefile&quot;  VERBOSE=1 clean"/>
					<DistClean command="/usr/bin/make -j8 -f &quot;/Users/yjbanov/code/barista2/Makefile&quot;  VERBOSE=1 clean"/>
				</MakeCommands>
			</Target>
			<Target title="libtodo_widgets">
				<Option output="/Users/yjbanov/code/barista2/liblibtodo_widgets.a" prefix_auto="0" extension_auto="0"/>
				<Option working_dir="/Users/yjbanov/code/barista2"/>
				<Option object_output="./"/>
				<Option type="2"/>
				<Option compiler="gcc"/>
				<Compiler>
					<Add directory="/Users/yjbanov/code/emscripten/emscripten/1.35.0/system/include"/>
					<Add directory="/Applications/Xcode.app/Contents/Developer/Toolchains/XcodeDefault.xctoolchain/usr/bin/../include/c++/v1"/>
					<Add directory="/Applications/Xcode.app/Contents/Developer/Toolchains/XcodeDefault.xctoolchain/usr/bin/../lib/clang/8.0.0/include"/>
					<Add directory="/Applications/Xcode.app/Contents/Developer/Toolchains/XcodeDefault.xctoolchain/usr/include"/>
					<Add directory="/System/Library/Frameworks"/>
					<Add directory="/Library/Frameworks"/>
				</Compiler>
				<MakeCommands>
					<Build command="/usr/bin/make -j8 -f &quot;/Users/yjbanov/code/barista2/Makefile&quot;  VERBOSE=1 libtodo_widgets"/>
					<CompileFile command="/usr/bin/make -j8 -f &quot;/Users/yjbanov/code/barista2/Makefile&quot;  VERBOSE=1 &quot;$file&quot;"/>
					<Clean command="/usr/bin/make -j8 -f &quot;/Users/yjbanov/code/barista2/Makefile&quot;  VERBOSE=1 clean"/>
					<DistClean command="/usr/bin/make -j8 -f &quot;/Users/yjbanov/code/barista2/Makefile&quot;  VERBOSE=1 clean"/>
				</MakeCommands>
			</Target>
			<Target title="libtodo_widgets/fast">
				<Option output="/Users/yjbanov/code/barista2/liblibtodo_widgets.a" prefix_auto="0" extension_auto="0"/>
				<Option working_dir="/Users/yjbanov/code/barista2"/>
				<Option object_output="./"/>
				<Option type="2"/>
				<Option compiler="gcc"/>
				<Compiler>
					<Add directory="/Users/yjbanov/code/emscripten/emscripten/1.35.0/system/include"/>
					<Add directory="/Applications/Xcode.app/Contents/Developer/Toolchains/XcodeDefault.xctoolchain/usr/bin/../include/c++/v1"/>
					<Add directory="/Applications/Xcode.app/Contents/Developer/Toolchains/XcodeDefault.xctoolchain/usr/bin/../lib/clang/8.0.0/include"/>
					<Add directory="/Applications/Xcode.app/Contents/Developer/Toolchains/XcodeDefault.xctoolchain/usr/include"/>
					<Add directory="/System/Library/Frameworks"/>
					<Add directory="/Library/Frameworks"/>
				</Compiler>
				<MakeCommands>
					<Build command="/usr/bin/make -j8 -f &quot;/Users/yjbanov/code/barista2/Makefile&quot;  VERBOSE=1 libtodo_widgets/fast"/>
					<CompileFile command="/usr/bin/make -j8 -f &quot;/Users/yjbanov/code/barista2/Makefile&quot;  VERBOSE=1 &quot;$file&quot;"/>
					<Clean command="/usr/bin/make -j8 -f &quot;/Users/yjbanov/code/barista2/Makefile&quot;  VERBOSE=1 clean"/>
					<DistClean command="/usr/bin/make -j8 -f &quot;/Users/yjbanov/code/barista2/Makefile&quot;  VERBOSE=1 clean"/>
				</MakeCommands>
			</Target>
			<Target title="precise_time">
				<Option output="/Users/yjbanov/code/barista2/precise_time" prefix_auto="0" extension_auto="0"/>
				<Option working_dir="/Users/yjbanov/code/barista2"/>
				<Option object_output="./"/>
				<Option type="1"/>
				<Option compiler="gcc"/>
				<Compiler>
					<Add directory="/Users/yjbanov/code/emscripten/emscripten/1.35.0/system/include"/>
					<Add directory="/Applications/Xcode.app/Contents/Developer/Toolchains/XcodeDefault.xctoolchain/usr/bin/../include/c++/v1"/>
					<Add directory="/Applications/Xcode.app/Contents/Developer/Toolchains/XcodeDefault.xctoolchain/usr/bin/../lib/clang/8.0.0/include"/>
					<Add directory="/Applications/Xcode.app/Contents/Developer/Toolchains/XcodeDefault.xctoolchain/usr/include"/>
					<Add directory="/System/Library/Frameworks"/>
					<Add directory="/Library/Frameworks"/>
				</Compiler>
				<MakeCommands>
					<Build command="/usr/bin/make -j8 -f &quot;/Users/yjbanov/code/barista2/Makefile&quot;  VERBOSE=1 precise_time"/>
					<CompileFile command="/usr/bin/make -j8 -f &quot;/Users/yjbanov/code/barista2/Makefile&quot;  VERBOSE=1 &quot;$file&quot;"/>
					<Clean command="/usr/bin/make -j8 -f &quot;/Users/yjbanov/code/barista2/Makefile&quot;  VERBOSE=1 clean"/>
					<DistClean command="/usr/bin/make -j8 -f &quot;/Users/yjbanov/code/barista2/Makefile&quot;  VERBOSE=1 clean"/>
				</MakeCommands>
			</Target>
			<Target title="precise_time/fast">
				<Option output="/Users/yjbanov/code/barista2/precise_time" prefix_auto="0" extension_auto="0"/>
				<Option working_dir="/Users/yjbanov/code/barista2"/>
				<Option object_output="./"/>
				<Option type="1"/>
				<Option compiler="gcc"/>
				<Compiler>
					<Add directory="/Users/yjbanov/code/emscripten/emscripten/1.35.0/system/include"/>
					<Add directory="/Applications/Xcode.app/Contents/Developer/Toolchains/XcodeDefault.xctoolchain/usr/bin/../include/c++/v1"/>
					<Add directory="/Applications/Xcode.app/Contents/Developer/Toolchains/XcodeDefault.xctoolchain/usr/bin/../lib/clang/8.0.0/include"/>
					<Add directory="/Applications/Xcode.app/Contents/Developer/Toolchains/XcodeDefault.xctoolchain/usr/include"/>
					<Add directory="/System/Library/Frameworks"/>
					<Add directory="/Library/Frameworks"/>
				</Compiler>
				<MakeCommands>
					<Build command="/usr/bin/make -j8 -f &quot;/Users/yjbanov/code/barista2/Makefile&quot;  VERBOSE=1 precise_time/fast"/>
					<CompileFile command="/usr/bin/make -j8 -f &quot;/Users/yjbanov/code/barista2/Makefile&quot;  VERBOSE=1 &quot;$file&quot;"/>
					<Clean command="/usr/bin/make -j8 -f &quot;/Users/yjbanov/code/barista2/Makefile&quot;  VERBOSE=1 clean"/>
					<DistClean command="/usr/bin/make -j8 -f &quot;/Users/yjbanov/code/barista2/Makefile&quot;  VERBOSE=1 clean"/>
				</MakeCommands>
			</Target>
			<Target title="main">
				<Option output="/Users/yjbanov/code/barista2/main" prefix_auto="0" extension_auto="0"/>
				<Option working_dir="/Users/yjbanov/code/barista2"/>
				<Option object_output="./"/>
				<Option type="1"/>
				<Option compiler="gcc"/>
				<Compiler>
					<Add directory="/Users/yjbanov/code/emscripten/emscripten/1.35.0/system/include"/>
					<Add directory="/Applications/Xcode.app/Contents/Developer/Toolchains/XcodeDefault.xctoolchain/usr/bin/../include/c++/v1"/>
					<Add directory="/Applications/Xcode.app/Contents/Developer/Toolchains/XcodeDefault.xctoolchain/usr/bin/../lib/clang/8.0.0/include"/>
					<Add directory="/Applications/Xcode.app/Contents/Developer/Toolchains/XcodeDefault.xctoolchain/usr/include"/>
					<Add directory="/System/Library/Frameworks"/>
					<Add directory="/Library/Frameworks"/>
				</Compiler>
				<MakeCommands>
					<Build command="/usr/bin/make -j8 -f &quot;/Users/yjbanov/code/barista2/Makefile&quot;  VERBOSE=1 main"/>
					<CompileFile command="/usr/bin/make -j8 -f &quot;/Users/yjbanov/code/barista2/Makefile&quot;  VERBOSE=1 &quot;$file&quot;"/>
					<Clean command="/usr/bin/make -j8 -f &quot;/Users/yjbanov/code/barista2/Makefile&quot;  VERBOSE=1 clean"/>
					<DistClean command="/usr/bin/make -j8 -f &quot;/Users/yjbanov/code/barista2/Makefile&quot;  VERBOSE=1 clean"/>
				</MakeCommands>
			</Target>
			<Target title="main/fast">
				<Option output="/Users/yjbanov/code/barista2/main" prefix_auto="0" extension_auto="0"/>
				<Option working_dir="/Users/yjbanov/code/barista2"/>
				<Option object_output="./"/>
				<Option type="1"/>
				<Option compiler="gcc"/>
				<Compiler>
					<Add directory="/Users/yjbanov/code/emscripten/emscripten/1.35.0/system/include"/>
					<Add directory="/Applications/Xcode.app/Contents/Developer/Toolchains/XcodeDefault.xctoolchain/usr/bin/../include/c++/v1"/>
					<Add directory="/Applications/Xcode.app/Contents/Developer/Toolchains/XcodeDefault.xctoolchain/usr/bin/../lib/clang/8.0.0/include"/>
					<Add directory="/Applications/Xcode.app/Contents/Developer/Toolchains/XcodeDefault.xctoolchain/usr/include"/>
					<Add directory="/System/Library/Frameworks"/>
					<Add directory="/Library/Frameworks"/>
				</Compiler>
				<MakeCommands>
					<Build command="/usr/bin/make -j8 -f &quot;/Users/yjbanov/code/barista2/Makefile&quot;  VERBOSE=1 main/fast"/>
					<CompileFile command="/usr/bin/make -j8 -f &quot;/Users/yjbanov/code/barista2/Makefile&quot;  VERBOSE=1 &quot;$file&quot;"/>
					<Clean command="/usr/bin/make -j8 -f &quot;/Users/yjbanov/code/barista2/Makefile&quot;  VERBOSE=1 clean"/>
					<DistClean command="/usr/bin/make -j8 -f &quot;/Users/yjbanov/code/barista2/Makefile&quot;  VERBOSE=1 clean"/>
				</MakeCommands>
			</Target>
			<Target title="todo_test">
				<Option output="/Users/yjbanov/code/barista2/todo_test" prefix_auto="0" extension_auto="0"/>
				<Option working_dir="/Users/yjbanov/code/barista2"/>
				<Option object_output="./"/>
				<Option type="1"/>
				<Option compiler="gcc"/>
				<Compiler>
					<Add directory="/Users/yjbanov/code/emscripten/emscripten/1.35.0/system/include"/>
					<Add directory="/Applications/Xcode.app/Contents/Developer/Toolchains/XcodeDefault.xctoolchain/usr/bin/../include/c++/v1"/>
					<Add directory="/Applications/Xcode.app/Contents/Developer/Toolchains/XcodeDefault.xctoolchain/usr/bin/../lib/clang/8.0.0/include"/>
					<Add directory="/Applications/Xcode.app/Contents/Developer/Toolchains/XcodeDefault.xctoolchain/usr/include"/>
					<Add directory="/System/Library/Frameworks"/>
					<Add directory="/Library/Frameworks"/>
				</Compiler>
				<MakeCommands>
					<Build command="/usr/bin/make -j8 -f &quot;/Users/yjbanov/code/barista2/Makefile&quot;  VERBOSE=1 todo_test"/>
					<CompileFile command="/usr/bin/make -j8 -f &quot;/Users/yjbanov/code/barista2/Makefile&quot;  VERBOSE=1 &quot;$file&quot;"/>
					<Clean command="/usr/bin/make -j8 -f &quot;/Users/yjbanov/code/barista2/Makefile&quot;  VERBOSE=1 clean"/>
					<DistClean command="/usr/bin/make -j8 -f &quot;/Users/yjbanov/code/barista2/Makefile&quot;  VERBOSE=1 clean"/>
				</MakeCommands>
			</Target>
			<Target title="todo_test/fast">
				<Option output="/Users/yjbanov/code/barista2/todo_test" prefix_auto="0" extension_auto="0"/>
				<Option working_dir="/Users/yjbanov/code/barista2"/>
				<Option object_output="./"/>
				<Option type="1"/>
				<Option compiler="gcc"/>
				<Compiler>
					<Add directory="/Users/yjbanov/code/emscripten/emscripten/1.35.0/system/include"/>
					<Add directory="/Applications/Xcode.app/Contents/Developer/Toolchains/XcodeDefault.xctoolchain/usr/bin/../include/c++/v1"/>
					<Add directory="/Applications/Xcode.app/Contents/Developer/Toolchains/XcodeDefault.xctoolchain/usr/bin/../lib/clang/8.0.0/include"/>
					<Add directory="/Applications/Xcode.app/Contents/Developer/Toolchains/XcodeDefault.xctoolchain/usr/include"/>
					<Add directory="/System/Library/Frameworks"/>
					<Add directory="/Library/Frameworks"/>
				</Compiler>
				<MakeCommands>
					<Build command="/usr/bin/make -j8 -f &quot;/Users/yjbanov/code/barista2/Makefile&quot;  VERBOSE=1 todo_test/fast"/>
					<CompileFile command="/usr/bin/make -j8 -f &quot;/Users/yjbanov/code/barista2/Makefile&quot;  VERBOSE=1 &quot;$file&quot;"/>
					<Clean command="/usr/bin/make -j8 -f &quot;/Users/yjbanov/code/barista2/Makefile&quot;  VERBOSE=1 clean"/>
					<DistClean command="/usr/bin/make -j8 -f &quot;/Users/yjbanov/code/barista2/Makefile&quot;  VERBOSE=1 clean"/>
				</MakeCommands>
			</Target>
			<Target title="test_giant">
				<Option output="/Users/yjbanov/code/barista2/test_giant" prefix_auto="0" extension_auto="0"/>
				<Option working_dir="/Users/yjbanov/code/barista2"/>
				<Option object_output="./"/>
				<Option type="1"/>
				<Option compiler="gcc"/>
				<Compiler>
					<Add directory="/Users/yjbanov/code/emscripten/emscripten/1.35.0/system/include"/>
					<Add directory="/Applications/Xcode.app/Contents/Developer/Toolchains/XcodeDefault.xctoolchain/usr/bin/../include/c++/v1"/>
					<Add directory="/Applications/Xcode.app/Contents/Developer/Toolchains/XcodeDefault.xctoolchain/usr/bin/../lib/clang/8.0.0/include"/>
					<Add directory="/Applications/Xcode.app/Contents/Developer/Toolchains/XcodeDefault.xctoolchain/usr/include"/>
					<Add directory="/System/Library/Frameworks"/>
					<Add directory="/Library/Frameworks"/>
				</Compiler>
				<MakeCommands>
					<Build command="/usr/bin/make -j8 -f &quot;/Users/yjbanov/code/barista2/Makefile&quot;  VERBOSE=1 test_giant"/>
					<CompileFile command="/usr/bin/make -j8 -f &quot;/Users/yjbanov/code/barista2/Makefile&quot;  VERBOSE=1 &quot;$file&quot;"/>
					<Clean command="/usr/bin/make -j8 -f &quot;/Users/yjbanov/code/barista2/Makefile&quot;  VERBOSE=1 clean"/>
					<DistClean command="/usr/bin/make -j8 -f &quot;/Users/yjbanov/code/barista2/Makefile&quot;  VERBOSE=1 clean"/>
				</MakeCommands>
			</Target>
			<Target title="test_giant/fast">
				<Option output="/Users/yjbanov/code/barista2/test_giant" prefix_auto="0" extension_auto="0"/>
				<Option working_dir="/Users/yjbanov/code/barista2"/>
				<Option object_output="./"/>
				<Option type="1"/>
				<Option compiler="gcc"/>
				<Compiler>
					<Add directory="/Users/yjbanov/code/emscripten/emscripten/1.35.0/system/include"/>
					<Add directory="/Applications/Xcode.app/Contents/Developer/Toolchains/XcodeDefault.xctoolchain/usr/bin/../include/c++/v1"/>
					<Add directory="/Applications/Xcode.app/Contents/Developer/Toolchains/XcodeDefault.xctoolchain/usr/bin/../lib/clang/8.0.0/include"/>
					<Add directory="/Applications/Xcode.app/Contents/Developer/Toolchains/XcodeDefault.xctoolchain/usr/include"/>
					<Add directory="/System/Library/Frameworks"/>
					<Add directory="/Library/Frameworks"/>
				</Compiler>
				<MakeCommands>
					<Build command="/usr/bin/make -j8 -f &quot;/Users/yjbanov/code/barista2/Makefile&quot;  VERBOSE=1 test_giant/fast"/>
					<CompileFile command="/usr/bin/make -j8 -f &quot;/Users/yjbanov/code/barista2/Makefile&quot;  VERBOSE=1 &quot;$file&quot;"/>
					<Clean command="/usr/bin/make -j8 -f &quot;/Users/yjbanov/code/barista2/Makefile&quot;  VERBOSE=1 clean"/>
					<DistClean command="/usr/bin/make -j8 -f &quot;/Users/yjbanov/code/barista2/Makefile&quot;  VERBOSE=1 clean"/>
				</MakeCommands>
			</Target>
			<Target title="libgiantwidgets">
				<Option output="/Users/yjbanov/code/barista2/liblibgiantwidgets.a" prefix_auto="0" extension_auto="0"/>
				<Option working_dir="/Users/yjbanov/code/barista2"/>
				<Option object_output="./"/>
				<Option type="2"/>
				<Option compiler="gcc"/>
				<Compiler>
					<Add directory="/Users/yjbanov/code/emscripten/emscripten/1.35.0/system/include"/>
					<Add directory="/Applications/Xcode.app/Contents/Developer/Toolchains/XcodeDefault.xctoolchain/usr/bin/../include/c++/v1"/>
					<Add directory="/Applications/Xcode.app/Contents/Developer/Toolchains/XcodeDefault.xctoolchain/usr/bin/../lib/clang/8.0.0/include"/>
					<Add directory="/Applications/Xcode.app/Contents/Developer/Toolchains/XcodeDefault.xctoolchain/usr/include"/>
					<Add directory="/System/Library/Frameworks"/>
					<Add directory="/Library/Frameworks"/>
				</Compiler>
				<MakeCommands>
					<Build command="/usr/bin/make -j8 -f &quot;/Users/yjbanov/code/barista2/Makefile&quot;  VERBOSE=1 libgiantwidgets"/>
					<CompileFile command="/usr/bin/make -j8 -f &quot;/Users/yjbanov/code/barista2/Makefile&quot;  VERBOSE=1 &quot;$file&quot;"/>
					<Clean command="/usr/bin/make -j8 -f &quot;/Users/yjbanov/code/barista2/Makefile&quot;  VERBOSE=1 clean"/>
					<DistClean command="/usr/bin/make -j8 -f &quot;/Users/yjbanov/code/barista2/Makefile&quot;  VERBOSE=1 clean"/>
				</MakeCommands>
			</Target>
			<Target title="libgiantwidgets/fast">
				<Option output="/Users/yjbanov/code/barista2/liblibgiantwidgets.a" prefix_auto="0" extension_auto="0"/>
				<Option working_dir="/Users/yjbanov/code/barista2"/>
				<Option object_output="./"/>
				<Option type="2"/>
				<Option compiler="gcc"/>
				<Compiler>
					<Add directory="/Users/yjbanov/code/emscripten/emscripten/1.35.0/system/include"/>
					<Add directory="/Applications/Xcode.app/Contents/Developer/Toolchains/XcodeDefault.xctoolchain/usr/bin/../include/c++/v1"/>
					<Add directory="/Applications/Xcode.app/Contents/Developer/Toolchains/XcodeDefault.xctoolchain/usr/bin/../lib/clang/8.0.0/include"/>
					<Add directory="/Applications/Xcode.app/Contents/Developer/Toolchains/XcodeDefault.xctoolchain/usr/include"/>
					<Add directory="/System/Library/Frameworks"/>
					<Add directory="/Library/Frameworks"/>
				</Compiler>
				<MakeCommands>
					<Build command="/usr/bin/make -j8 -f &quot;/Users/yjbanov/code/barista2/Makefile&quot;  VERBOSE=1 libgiantwidgets/fast"/>
					<CompileFile command="/usr/bin/make -j8 -f &quot;/Users/yjbanov/code/barista2/Makefile&quot;  VERBOSE=1 &quot;$file&quot;"/>
					<Clean command="/usr/bin/make -j8 -f &quot;/Users/yjbanov/code/barista2/Makefile&quot;  VERBOSE=1 clean"/>
					<DistClean command="/usr/bin/make -j8 -f &quot;/Users/yjbanov/code/barista2/Makefile&quot;  VERBOSE=1 clean"/>
				</MakeCommands>
			</Target>
			<Target title="unittests">
				<Option output="/Users/yjbanov/code/barista2/unittests" prefix_auto="0" extension_auto="0"/>
				<Option working_dir="/Users/yjbanov/code/barista2"/>
				<Option object_output="./"/>
				<Option type="1"/>
				<Option compiler="gcc"/>
				<Compiler>
					<Add directory="/Users/yjbanov/code/emscripten/emscripten/1.35.0/system/include"/>
					<Add directory="/Applications/Xcode.app/Contents/Developer/Toolchains/XcodeDefault.xctoolchain/usr/bin/../include/c++/v1"/>
					<Add directory="/Applications/Xcode.app/Contents/Developer/Toolchains/XcodeDefault.xctoolchain/usr/bin/../lib/clang/8.0.0/include"/>
					<Add directory="/Applications/Xcode.app/Contents/Developer/Toolchains/XcodeDefault.xctoolchain/usr/include"/>
					<Add directory="/System/Library/Frameworks"/>
					<Add directory="/Library/Frameworks"/>
				</Compiler>
				<MakeCommands>
					<Build command="/usr/bin/make -j8 -f &quot;/Users/yjbanov/code/barista2/Makefile&quot;  VERBOSE=1 unittests"/>
					<CompileFile command="/usr/bin/make -j8 -f &quot;/Users/yjbanov/code/barista2/Makefile&quot;  VERBOSE=1 &quot;$file&quot;"/>
					<Clean command="/usr/bin/make -j8 -f &quot;/Users/yjbanov/code/barista2/Makefile&quot;  VERBOSE=1 clean"/>
					<DistClean command="/usr/bin/make -j8 -f &quot;/Users/yjbanov/code/barista2/Makefile&quot;  VERBOSE=1 clean"/>
				</MakeCommands>
			</Target>
			<Target title="unittests/fast">
				<Option output="/Users/yjbanov/code/barista2/unittests" prefix_auto="0" extension_auto="0"/>
				<Option working_dir="/Users/yjbanov/code/barista2"/>
				<Option object_output="./"/>
				<Option type="1"/>
				<Option compiler="gcc"/>
				<Compiler>
					<Add directory="/Users/yjbanov/code/emscripten/emscripten/1.35.0/system/include"/>
					<Add directory="/Applications/Xcode.app/Contents/Developer/Toolchains/XcodeDefault.xctoolchain/usr/bin/../include/c++/v1"/>
					<Add directory="/Applications/Xcode.app/Contents/Developer/Toolchains/XcodeDefault.xctoolchain/usr/bin/../lib/clang/8.0.0/include"/>
					<Add directory="/Applications/Xcode.app/Contents/Developer/Toolchains/XcodeDefault.xctoolchain/usr/include"/>
					<Add directory="/System/Library/Frameworks"/>
					<Add directory="/Library/Frameworks"/>
				</Compiler>
				<MakeCommands>
					<Build command="/usr/bin/make -j8 -f &quot;/Users/yjbanov/code/barista2/Makefile&quot;  VERBOSE=1 unittests/fast"/>
					<CompileFile command="/usr/bin/make -j8 -f &quot;/Users/yjbanov/code/barista2/Makefile&quot;  VERBOSE=1 &quot;$file&quot;"/>
					<Clean command="/usr/bin/make -j8 -f &quot;/Users/yjbanov/code/barista2/Makefile&quot;  VERBOSE=1 clean"/>
					<DistClean command="/usr/bin/make -j8 -f &quot;/Users/yjbanov/code/barista2/Makefile&quot;  VERBOSE=1 clean"/>
				</MakeCommands>
			</Target>
			<Target title="libtest">
				<Option output="/Users/yjbanov/code/barista2/liblibtest.a" prefix_auto="0" extension_auto="0"/>
				<Option working_dir="/Users/yjbanov/code/barista2"/>
				<Option object_output="./"/>
				<Option type="2"/>
				<Option compiler="gcc"/>
				<Compiler>
					<Add directory="/Users/yjbanov/code/emscripten/emscripten/1.35.0/system/include"/>
					<Add directory="/Applications/Xcode.app/Contents/Developer/Toolchains/XcodeDefault.xctoolchain/usr/bin/../include/c++/v1"/>
					<Add directory="/Applications/Xcode.app/Contents/Developer/Toolchains/XcodeDefault.xctoolchain/usr/bin/../lib/clang/8.0.0/include"/>
					<Add directory="/Applications/Xcode.app/Contents/Developer/Toolchains/XcodeDefault.xctoolchain/usr/include"/>
					<Add directory="/System/Library/Frameworks"/>
					<Add directory="/Library/Frameworks"/>
				</Compiler>
				<MakeCommands>
					<Build command="/usr/bin/make -j8 -f &quot;/Users/yjbanov/code/barista2/Makefile&quot;  VERBOSE=1 libtest"/>
					<CompileFile command="/usr/bin/make -j8 -f &quot;/Users/yjbanov/code/barista2/Makefile&quot;  VERBOSE=1 &quot;$file&quot;"/>
					<Clean command="/usr/bin/make -j8 -f &quot;/Users/yjbanov/code/barista2/Makefile&quot;  VERBOSE=1 clean"/>
					<DistClean command="/usr/bin/make -j8 -f &quot;/Users/yjbanov/code/barista2/Makefile&quot;  VERBOSE=1 clean"/>
				</MakeCommands>
			</Target>
			<Target title="libtest/fast">
				<Option output="/Users/yjbanov/code/barista2/liblibtest.a" prefix_auto="0" extension_auto="0"/>
				<Option working_dir="/Users/yjbanov/code/barista2"/>
				<Option object_output="./"/>
				<Option type="2"/>
				<Option compiler="gcc"/>
				<Compiler>
					<Add directory="/Users/yjbanov/code/emscripten/emscripten/1.35.0/system/include"/>
					<Add directory="/Applications/Xcode.app/Contents/Developer/Toolchains/XcodeDefault.xctoolchain/usr/bin/../include/c++/v1"/>
					<Add directory="/Applications/Xcode.app/Contents/Developer/Toolchains/XcodeDefault.xctoolchain/usr/bin/../lib/clang/8.0.0/include"/>
					<Add directory="/Applications/Xcode.app/Contents/Developer/Toolchains/XcodeDefault.xctoolchain/usr/include"/>
					<Add directory="/System/Library/Frameworks"/>
					<Add directory="/Library/Frameworks"/>
				</Compiler>
				<MakeCommands>
					<Build command="/usr/bin/make -j8 -f &quot;/Users/yjbanov/code/barista2/Makefile&quot;  VERBOSE=1 libtest/fast"/>
					<CompileFile command="/usr/bin/make -j8 -f &quot;/Users/yjbanov/code/barista2/Makefile&quot;  VERBOSE=1 &quot;$file&quot;"/>
					<Clean command="/usr/bin/make -j8 -f &quot;/Users/yjbanov/code/barista2/Makefile&quot;  VERBOSE=1 clean"/>
					<DistClean command="/usr/bin/make -j8 -f &quot;/Users/yjbanov/code/barista2/Makefile&quot;  VERBOSE=1 clean"/>
				</MakeCommands>
			</Target>
			<Target title="libbarista2">
				<Option output="/Users/yjbanov/code/barista2/liblibbarista2.a" prefix_auto="0" extension_auto="0"/>
				<Option working_dir="/Users/yjbanov/code/barista2"/>
				<Option object_output="./"/>
				<Option type="2"/>
				<Option compiler="gcc"/>
				<Compiler>
					<Add directory="/Users/yjbanov/code/emscripten/emscripten/1.35.0/system/include"/>
					<Add directory="/Applications/Xcode.app/Contents/Developer/Toolchains/XcodeDefault.xctoolchain/usr/bin/../include/c++/v1"/>
					<Add directory="/Applications/Xcode.app/Contents/Developer/Toolchains/XcodeDefault.xctoolchain/usr/bin/../lib/clang/8.0.0/include"/>
					<Add directory="/Applications/Xcode.app/Contents/Developer/Toolchains/XcodeDefault.xctoolchain/usr/include"/>
					<Add directory="/System/Library/Frameworks"/>
					<Add directory="/Library/Frameworks"/>
				</Compiler>
				<MakeCommands>
					<Build command="/usr/bin/make -j8 -f &quot;/Users/yjbanov/code/barista2/Makefile&quot;  VERBOSE=1 libbarista2"/>
					<CompileFile command="/usr/bin/make -j8 -f &quot;/Users/yjbanov/code/barista2/Makefile&quot;  VERBOSE=1 &quot;$file&quot;"/>
					<Clean command="/usr/bin/make -j8 -f &quot;/Users/yjbanov/code/barista2/Makefile&quot;  VERBOSE=1 clean"/>
					<DistClean command="/usr/bin/make -j8 -f &quot;/Users/yjbanov/code/barista2/Makefile&quot;  VERBOSE=1 clean"/>
				</MakeCommands>
			</Target>
			<Target title="libbarista2/fast">
				<Option output="/Users/yjbanov/code/barista2/liblibbarista2.a" prefix_auto="0" extension_auto="0"/>
				<Option working_dir="/Users/yjbanov/code/barista2"/>
				<Option object_output="./"/>
				<Option type="2"/>
				<Option compiler="gcc"/>
				<Compiler>
					<Add directory="/Users/yjbanov/code/emscripten/emscripten/1.35.0/system/include"/>
					<Add directory="/Applications/Xcode.app/Contents/Developer/Toolchains/XcodeDefault.xctoolchain/usr/bin/../include/c++/v1"/>
					<Add directory="/Applications/Xcode.app/Contents/Developer/Toolchains/XcodeDefault.xctoolchain/usr/bin/../lib/clang/8.0.0/include"/>
					<Add directory="/Applications/Xcode.app/Contents/Developer/Toolchains/XcodeDefault.xctoolchain/usr/include"/>
					<Add directory="/System/Library/Frameworks"/>
					<Add directory="/Library/Frameworks"/>
				</Compiler>
				<MakeCommands>
					<Build command="/usr/bin/make -j8 -f &quot;/Users/yjbanov/code/barista2/Makefile&quot;  VERBOSE=1 libbarista2/fast"/>
					<CompileFile command="/usr/bin/make -j8 -f &quot;/Users/yjbanov/code/barista2/Makefile&quot;  VERBOSE=1 &quot;$file&quot;"/>
					<Clean command="/usr/bin/make -j8 -f &quot;/Users/yjbanov/code/barista2/Makefile&quot;  VERBOSE=1 clean"/>
					<DistClean command="/usr/bin/make -j8 -f &quot;/Users/yjbanov/code/barista2/Makefile&quot;  VERBOSE=1 clean"/>
				</MakeCommands>
			</Target>
		</Build>
		<Unit filename="/Users/yjbanov/code/barista2/api.cpp">
			<Option target="libbarista2"/>
		</Unit>
		<Unit filename="/Users/yjbanov/code/barista2/api.h">
			<Option target="libbarista2"/>
		</Unit>
		<Unit filename="/Users/yjbanov/code/barista2/common.h">
			<Option target="libbarista2"/>
		</Unit>
		<Unit filename="/Users/yjbanov/code/barista2/giant_widgets.h">
			<Option target="libgiantwidgets"/>
		</Unit>
		<Unit filename="/Users/yjbanov/code/barista2/html.cpp">
			<Option target="libbarista2"/>
		</Unit>
		<Unit filename="/Users/yjbanov/code/barista2/html.h">
			<Option target="libbarista2"/>
		</Unit>
		<Unit filename="/Users/yjbanov/code/barista2/lib/json/src/json.hpp">
			<Option target="libbarista2"/>
		</Unit>
		<Unit filename="/Users/yjbanov/code/barista2/main.cpp">
			<Option target="main"/>
		</Unit>
		<Unit filename="/Users/yjbanov/code/barista2/precise_time.cpp">
			<Option target="precise_time"/>
		</Unit>
		<Unit filename="/Users/yjbanov/code/barista2/style.cpp">
			<Option target="libbarista2"/>
		</Unit>
		<Unit filename="/Users/yjbanov/code/barista2/style.h">
			<Option target="libbarista2"/>
		</Unit>
		<Unit filename="/Users/yjbanov/code/barista2/sync.cpp">
			<Option target="libbarista2"/>
		</Unit>
		<Unit filename="/Users/yjbanov/code/barista2/sync.h">
			<Option target="libbarista2"/>
		</Unit>
		<Unit filename="/Users/yjbanov/code/barista2/test.cpp">
			<Option target="libtest"/>
		</Unit>
		<Unit filename="/Users/yjbanov/code/barista2/test.h">
			<Option target="libtest"/>
		</Unit>
		<Unit filename="/Users/yjbanov/code/barista2/test_all.cpp">
			<Option target="unittests"/>
		</Unit>
		<Unit filename="/Users/yjbanov/code/barista2/test_giant.cpp">
			<Option target="test_giant"/>
		</Unit>
		<Unit filename="/Users/yjbanov/code/barista2/todo.cpp">
			<Option target="todo"/>
		</Unit>
		<Unit filename="/Users/yjbanov/code/barista2/todo_test.cpp">
			<Option target="todo_test"/>
		</Unit>
		<Unit filename="/Users/yjbanov/code/barista2/todo_widgets.cpp">
			<Option target="libtodo_widgets"/>
		</Unit>
		<Unit filename="/Users/yjbanov/code/barista2/todo_widgets.h">
			<Option target="libtodo_widgets"/>
		</Unit>
		<Unit filename="/Users/yjbanov/code/barista2/CMakeLists.txt">
			<Option virtualFolder="CMake Files\"/>
		</Unit>
	</Project>
</CodeBlocks_project_file>
